# This file is automatically @generated by Cargo.
# It is not intended for manual editing.
version = 3

[[package]]
name = "chainerror"
version = "0.8.0"
source = "registry+https://github.com/rust-lang/crates.io-index"
checksum = "ce4982ed7e1d08a95380d9f17ae54ad1f5bab589873ca9018787ae19fadeb10a"

[[package]]
name = "error_chain_test"
version = "0.1.0"
dependencies = [
 "chainerror",
]
